
Microsoft Visual Studio Solution File, Format Version 12.00
# Visual Studio 15
VisualStudioVersion = 15.0.27703.2026
MinimumVisualStudioVersion = 10.0.40219.1
Project("{FAE04EC0-301F-11D3-BF4B-00C04F79EFBC}") = "AutorunMaster", "AutorunMaster\AutorunMaster.csproj", "{D47716D3-D806-4BD4-BD49-3D028FFE240D}"
EndProject
Global
	GlobalSection(SolutionConfigurationPlatforms) = preSolution
		Debug|Any CPU = Debug|Any CPU
		Release|Any CPU = Release|Any CPU
	EndGlobalSection
	GlobalSection(ProjectConfigurationPlatforms) = postSolution
		{D47716D3-D806-4BD4-BD49-3D028FFE240D}.Debug|Any CPU.ActiveCfg = Debug|Any CPU
		{D47716D3-D806-4BD4-BD49-3D028FFE240D}.Debug|Any CPU.Build.0 = Debug|Any CPU
		{D47716D3-D806-4BD4-BD49-3D028FFE240D}.Release|Any CPU.ActiveCfg = Release|Any CPU
		{D47716D3-D806-4BD4-BD49-3D028FFE240D}.Release|Any CPU.Build.0 = Release|Any CPU
	EndGlobalSection
	GlobalSection(SolutionProperties) = preSolution
		HideSolutionNode = FALSE
	EndGlobalSection
	GlobalSection(ExtensibilityGlobals) = postSolution
		SolutionGuid = {B1A61F4B-C9C7-4996-9AB4-B598CFF94642}
	EndGlobalSection
EndGlobal
